
Microsoft Visual Studio Solution File, Format Version 12.00
# Visual Studio Version 16
VisualStudioVersion = 16.0.31702.278
MinimumVisualStudioVersion = 10.0.40219.1
Project("{FAE04EC0-301F-11D3-BF4B-00C04F79EFBC}") = "EmployeePayroll", "EmployeePayroll.csproj", "{63118197-0C7D-48DA-99B0-9F74B5B4E6EA}"
EndProject
Global
	GlobalSection(SolutionConfigurationPlatforms) = preSolution
		Debug|Any CPU = Debug|Any CPU
		Release|Any CPU = Release|Any CPU
	EndGlobalSection
	GlobalSection(ProjectConfigurationPlatforms) = postSolution
		{63118197-0C7D-48DA-99B0-9F74B5B4E6EA}.Debug|Any CPU.ActiveCfg = Debug|Any CPU
		{63118197-0C7D-48DA-99B0-9F74B5B4E6EA}.Debug|Any CPU.Build.0 = Debug|Any CPU
		{63118197-0C7D-48DA-99B0-9F74B5B4E6EA}.Release|Any CPU.ActiveCfg = Release|Any CPU
		{63118197-0C7D-48DA-99B0-9F74B5B4E6EA}.Release|Any CPU.Build.0 = Release|Any CPU
	EndGlobalSection
	GlobalSection(SolutionProperties) = preSolution
		HideSolutionNode = FALSE
	EndGlobalSection
	GlobalSection(ExtensibilityGlobals) = postSolution
		SolutionGuid = {04AF9819-C60E-48B6-B9B4-AB264271DF8C}
	EndGlobalSection
EndGlobal
